
Microsoft Visual Studio Solution File, Format Version 12.00
# Visual Studio Version 16
VisualStudioVersion = 16.0.30621.155
MinimumVisualStudioVersion = 10.0.40219.1
Project("{FAE04EC0-301F-11D3-BF4B-00C04F79EFBC}") = "feistel", "feistel\feistel.csproj", "{B5045975-0DEA-4FAF-931B-79A8D16E35F6}"
EndProject
Project("{FAE04EC0-301F-11D3-BF4B-00C04F79EFBC}") = "FeistelTest", "FeistelTest\FeistelTest.csproj", "{C0FC3C8C-2F1B-41A1-9381-C486E95F7AB9}"
EndProject
Global
	GlobalSection(SolutionConfigurationPlatforms) = preSolution
		Debug|Any CPU = Debug|Any CPU
		Release|Any CPU = Release|Any CPU
	EndGlobalSection
	GlobalSection(ProjectConfigurationPlatforms) = postSolution
		{B5045975-0DEA-4FAF-931B-79A8D16E35F6}.Debug|Any CPU.ActiveCfg = Debug|Any CPU
		{B5045975-0DEA-4FAF-931B-79A8D16E35F6}.Debug|Any CPU.Build.0 = Debug|Any CPU
		{B5045975-0DEA-4FAF-931B-79A8D16E35F6}.Release|Any CPU.ActiveCfg = Release|Any CPU
		{B5045975-0DEA-4FAF-931B-79A8D16E35F6}.Release|Any CPU.Build.0 = Release|Any CPU
		{C0FC3C8C-2F1B-41A1-9381-C486E95F7AB9}.Debug|Any CPU.ActiveCfg = Debug|Any CPU
		{C0FC3C8C-2F1B-41A1-9381-C486E95F7AB9}.Debug|Any CPU.Build.0 = Debug|Any CPU
		{C0FC3C8C-2F1B-41A1-9381-C486E95F7AB9}.Release|Any CPU.ActiveCfg = Release|Any CPU
		{C0FC3C8C-2F1B-41A1-9381-C486E95F7AB9}.Release|Any CPU.Build.0 = Release|Any CPU
	EndGlobalSection
	GlobalSection(SolutionProperties) = preSolution
		HideSolutionNode = FALSE
	EndGlobalSection
	GlobalSection(ExtensibilityGlobals) = postSolution
		SolutionGuid = {717A9B0B-7F2F-451F-97F7-67819421CCA8}
	EndGlobalSection
EndGlobal
